
Microsoft Visual Studio Solution File, Format Version 12.00
# Visual Studio Version 17
VisualStudioVersion = 17.1.32407.343
MinimumVisualStudioVersion = 10.0.40219.1
Project("{9A19103F-16F7-4668-BE54-9A1E7A4F7556}") = "MtGDeckBuilder", "MtGDeckBuilder\MtGDeckBuilder.csproj", "{FFD060FD-7C13-454C-943F-64D119193DF0}"
EndProject
Global
	GlobalSection(SolutionConfigurationPlatforms) = preSolution
		Debug|Any CPU = Debug|Any CPU
		Release|Any CPU = Release|Any CPU
	EndGlobalSection
	GlobalSection(ProjectConfigurationPlatforms) = postSolution
		{FFD060FD-7C13-454C-943F-64D119193DF0}.Debug|Any CPU.ActiveCfg = Debug|Any CPU
		{FFD060FD-7C13-454C-943F-64D119193DF0}.Debug|Any CPU.Build.0 = Debug|Any CPU
		{FFD060FD-7C13-454C-943F-64D119193DF0}.Release|Any CPU.ActiveCfg = Release|Any CPU
		{FFD060FD-7C13-454C-943F-64D119193DF0}.Release|Any CPU.Build.0 = Release|Any CPU
	EndGlobalSection
	GlobalSection(SolutionProperties) = preSolution
		HideSolutionNode = FALSE
	EndGlobalSection
	GlobalSection(ExtensibilityGlobals) = postSolution
		SolutionGuid = {8D4CB08E-92D0-4070-8FB9-5CE472FCCFF6}
	EndGlobalSection
EndGlobal
